NeoBundleLock auto-pairs b647ef54cd2d991d5221b97fb5dbb3c0477fdc64
NeoBundleLock molokai db8ce13b3737d3ddea8368498183d7c204a762eb
NeoBundleLock neobundle.vim ed123adb1dd31358f1ed35e852fb219c5214cf7c
NeoBundleLock neocomplete.vim f9dc73213073bd54eb920ebe456201b417ab2ab9
NeoBundleLock neomru.vim 6e6ca0454fbe67ab01cfe9c8588546c9af156944
NeoBundleLock nerdtree 96c07746b46c12d0aca7a5276cc5bd0a260b82fe
NeoBundleLock unite.vim dfdff3df30d5c09fe406956076eca31da47fa3a1
NeoBundleLock vimproc 6b8b3c724e161f39c0938046a2072f9668fc802b
