NeoBundleLock auto-pairs b647ef54cd2d991d5221b97fb5dbb3c0477fdc64
NeoBundleLock molokai db8ce13b3737d3ddea8368498183d7c204a762eb
NeoBundleLock neobundle.vim 6f864288a1f559cc3128f828828e4180d9485935
NeoBundleLock neocomplete.vim f6befdc80f3e61d0d26734e064a84e5a78ee00cc
NeoBundleLock neomru.vim a52b644475156d397117b2e7920849fb9f1c8901
NeoBundleLock nerdtree 0b44415a3302030b56755cc1135ca9ca57dc1ada
NeoBundleLock unite.vim f24df7733eca3009ee3fac159014aa2001ccadac
NeoBundleLock vimproc d4939b5bed442e1c30fa9e7f05db0d110b2edce8
